PODS:
  - Alamofire (4.8.0)
  - AlamofireImage (3.5.0):
    - Alamofire (~> 4.8)
  - Anchorage (4.3)
  - Differentiator (3.1.0)
  - Fakery (3.4.0)
  - RxAtomic (4.4.0)
  - RxCocoa (4.4.0):
    - RxSwift (~> 4.0)
  - RxDataSources (3.1.0):
    - Differentiator (~> 3.0)
    - RxCocoa (~> 4.0)
    - RxSwift (~> 4.0)
  - RxFeedback (1.1.1):
    - RxCocoa (~> 4.0)
    - RxSwift (~> 4.0)
  - RxSwift (4.4.0):
    - RxAtomic (~> 4.4)

DEPENDENCIES:
  - AlamofireImage (~> 3.4)
  - Anchorage (~> 4.2)
  - Fakery (~> 3.4)
  - RxCocoa (~> 4.2)
  - RxDataSources (~> 3.0)
  - RxFeedback (~> 1.0)
  - RxSwift (~> 4.2)

SPEC REPOS:
  https://github.com/cocoapods/specs.git:
    - Alamofire
    - AlamofireImage
    - Anchorage
    - Differentiator
    - Fakery
    - RxAtomic
    - RxCocoa
    - RxDataSources
    - RxFeedback
    - RxSwift

SPEC CHECKSUMS:
  Alamofire: 3ec537f71edc9804815215393ae2b1a8ea33a844
  AlamofireImage: 1aea346f4dda2f6c67622fa5a89fcbb80d79cc16
  Anchorage: 21a98675245188427f0bcea21404d42a824a766f
  Differentiator: be49ca3408f0ecfc761e4c7763d20c62be01b9ad
  Fakery: 885e894a3e7c392e1da96c6e46a1abe5a0b28686
  RxAtomic: eacf60db868c96bfd63320e28619fe29c179656f
  RxCocoa: df63ebf7b9a70d6b4eeea407ed5dd4efc8979749
  RxDataSources: a843bad90c29817f5923ec8163f4af2de084ceb3
  RxFeedback: 640e317bc7f6c4914c39a2063c6d5c0e6c1aa65d
  RxSwift: 5976ecd04fc2fefd648827c23de5e11157faa973

PODFILE CHECKSUM: c05f7ec09ae170cab529e88df23d2b0be286639a

COCOAPODS: 1.5.3
